
Microsoft Visual Studio Solution File, Format Version 12.00
# Visual Studio Version 17
VisualStudioVersion = 17.2.32526.322
MinimumVisualStudioVersion = 10.0.40219.1
Project("{FAE04EC0-301F-11D3-BF4B-00C04F79EFBC}") = "AddressBook", "AddressBook.csproj", "{A2BC4E95-EAE3-482F-8DFD-A6B1941D5479}"
EndProject
Global
	GlobalSection(SolutionConfigurationPlatforms) = preSolution
		Debug|Any CPU = Debug|Any CPU
		Release|Any CPU = Release|Any CPU
	EndGlobalSection
	GlobalSection(ProjectConfigurationPlatforms) = postSolution
		{A2BC4E95-EAE3-482F-8DFD-A6B1941D5479}.Debug|Any CPU.ActiveCfg = Debug|Any CPU
		{A2BC4E95-EAE3-482F-8DFD-A6B1941D5479}.Debug|Any CPU.Build.0 = Debug|Any CPU
		{A2BC4E95-EAE3-482F-8DFD-A6B1941D5479}.Release|Any CPU.ActiveCfg = Release|Any CPU
		{A2BC4E95-EAE3-482F-8DFD-A6B1941D5479}.Release|Any CPU.Build.0 = Release|Any CPU
	EndGlobalSection
	GlobalSection(SolutionProperties) = preSolution
		HideSolutionNode = FALSE
	EndGlobalSection
	GlobalSection(ExtensibilityGlobals) = postSolution
		SolutionGuid = {BD794CF2-C49E-49CE-984C-0503465D302A}
	EndGlobalSection
EndGlobal
